dependencies:
  chmorgan/esp-audio-player:
    component_hash: 91db3ef5b4ac2185ffb94a069ab0c4731170a20f9d46470f3f071ca22a475d5c
    source:
      service_url: https://api.components.espressif.com/
      type: service
    version: 1.0.5
  chmorgan/esp-file-iterator:
    component_hash: 327091394b9ef5c2cd395a960ab70ae64479e0a8831cbd9925e38895fad93719
    source:
      service_url: https://api.components.espressif.com/
      type: service
    version: 1.0.0
  chmorgan/esp-libhelix-mp3:
    component_hash: cbb76089dc2c5749f7b470e2e70aedc44c9da519e04eb9a67d4c7ec275229e53
    source:
      service_url: https://api.components.espressif.com/
      type: service
    version: 1.0.3
  espressif/button:
    component_hash: 16a2f5c573e5b6bac30565fdd4b20a155f24a4b438ae1a3cced89ea84ddce7ae
    source:
      service_url: https://api.components.espressif.com/
      type: service
    version: 3.2.1
  espressif/cmake_utilities:
    component_hash: 351350613ceafba240b761b4ea991e0f231ac7a9f59a9ee901f751bddc0bb18f
    source:
      service_url: https://api.components.espressif.com/
      type: service
    version: 0.5.3
  espressif/esp-dsp:
    component_hash: 3e7bbd487f1357a1d4944d0c85966d049501ea281b8a4c7f93f7cfedd5b7f23d
    source:
      service_url: https://api.components.espressif.com/
      type: service
    version: 1.4.12
  espressif/esp-sr:
    component_hash: 16af25295f531495fe7e36cf2e8c8bb49629be42c38a56f55f4ded825ada0ffc
    source:
      service_url: https://api.components.espressif.com/
      type: service
    version: 1.7.1
  espressif/esp32-camera:
    component_hash: a1933162caca04a3a3bb0dca00bb56fcb3c50cd3779ab2f2b03ad8536e9bd0d0
    source:
      service_url: https://api.components.espressif.com/
      type: service
    version: 2.0.9
  espressif/esp_codec_dev:
    component_hash: 014948481bda426cd46714f297fe1891711246c62bea288863a8cc8cf13ef1f0
    source:
      service_url: https://api.components.espressif.com/
      type: service
    version: 1.2.0
  espressif/esp_io_expander:
    component_hash: fbc0de4082fc7c207dc98a93a0ed83d1a929a4ecee83cc567afb406f3ee6d4a6
    source:
      service_url: https://api.components.espressif.com/
      type: service
    version: 1.0.1
  espressif/esp_io_expander_tca9554:
    component_hash: e9e49ddb1038c2b54b13c51b5e3e6dbdd10a878959c8ab0e0a7c8206316add61
    source:
      service_url: https://api.components.espressif.com/
      type: service
    version: 1.0.1
  espressif/esp_lcd_ili9341:
    component_hash: 31f1b793aa2110dd2ae071c21ccbff0a4eb20d9a4ee40b6294c0dc0ad9552c4e
    source:
      service_url: https://api.components.espressif.com/
      type: service
    version: 1.2.0
  espressif/esp_lcd_touch:
    component_hash: 779b4ba2464a3ae85681e4b860caa5fdc35801458c23f3039ee761bae7f442a4
    source:
      service_url: https://api.components.espressif.com/
      type: service
    version: 1.1.2
  espressif/usb_stream:
    component_hash: 28afd6278e70943ed5051be4cbadb963f0d026148298d83370afaef58167e157
    source:
      service_url: https://api.components.espressif.com/
      type: service
    version: 1.4.0
  idf:
    component_hash: null
    source:
      type: idf
    version: 5.2.1
  lvgl__lvgl:
    component_hash: null
    source:
      path: D:\esp32_tmp\tmp_test\door_bell_1\components\lvgl__lvgl
      type: local
    version: 8.3.11
manifest_hash: 4a41732b5bce1e8e70e6a1fd6bffeec84d02a62e57cbbee42951c97fe9303b00
target: esp32s3
version: 1.0.0
