dependencies:
  chmorgan/esp-audio-player:
    component_hash: 9f762bbd153b6a49fab1f9181d1dd9467b76cb19c6901a10ec835ae451145354
    source:
      service_url: https://api.components.espressif.com/
      type: service
    version: 1.0.6
  chmorgan/esp-file-iterator:
    component_hash: 327091394b9ef5c2cd395a960ab70ae64479e0a8831cbd9925e38895fad93719
    source:
      service_url: https://api.components.espressif.com/
      type: service
    version: 1.0.0
  chmorgan/esp-libhelix-mp3:
    component_hash: cbb76089dc2c5749f7b470e2e70aedc44c9da519e04eb9a67d4c7ec275229e53
    source:
      service_url: https://api.components.espressif.com/
      type: service
    version: 1.0.3
  espressif/button:
    component_hash: 1f5297fe16f0ee988dbb14b6f4c91782fe2baf85025bb15cc1e0093edd3fb2ee
    source:
      service_url: https://api.components.espressif.com/
      type: service
    version: 3.2.0
  espressif/cmake_utilities:
    component_hash: 351350613ceafba240b761b4ea991e0f231ac7a9f59a9ee901f751bddc0bb18f
    source:
      service_url: https://api.components.espressif.com/
      type: service
    version: 0.5.3
  espressif/esp-dsp:
    component_hash: 3e7bbd487f1357a1d4944d0c85966d049501ea281b8a4c7f93f7cfedd5b7f23d
    source:
      service_url: https://api.components.espressif.com/
      type: service
    version: 1.4.12
  espressif/esp-sr:
    component_hash: 931a8caf47267598b72348c7be2086c9b764f3a3287553527c9b88923c7349f5
    source:
      service_url: https://api.components.espressif.com/
      type: service
    version: 1.5.1
  espressif/esp_codec_dev:
    component_hash: bfa92c177f836be5847e4a4248349267614500e1e0728c4939e51a73746b8918
    source:
      service_url: https://api.components.espressif.com/
      type: service
    version: 1.0.3
  espressif/esp_io_expander:
    component_hash: fbc0de4082fc7c207dc98a93a0ed83d1a929a4ecee83cc567afb406f3ee6d4a6
    source:
      service_url: https://api.components.espressif.com/
      type: service
    version: 1.0.1
  espressif/esp_io_expander_tca9554:
    component_hash: e9e49ddb1038c2b54b13c51b5e3e6dbdd10a878959c8ab0e0a7c8206316add61
    source:
      service_url: https://api.components.espressif.com/
      type: service
    version: 1.0.1
  espressif/esp_lcd_ili9341:
    component_hash: 31f1b793aa2110dd2ae071c21ccbff0a4eb20d9a4ee40b6294c0dc0ad9552c4e
    source:
      service_url: https://api.components.espressif.com/
      type: service
    version: 1.2.0
  espressif/esp_lcd_touch:
    component_hash: d4d8f2dc33205797169a97a02e0d89a8982f59fe0509129b54422052b8522f59
    source:
      service_url: https://api.components.espressif.com/
      type: service
    version: 1.1.1
  espressif/mdns:
    component_hash: ed10ef031bce505e423c5dbf0fdf2ce7a02df5f9ebffb18df2d6b9852e48817d
    source:
      service_url: https://api.components.espressif.com/
      type: service
    version: 1.3.1
  espressif__esp32-camera:
    component_hash: null
    source:
      path: C:\du_tmp\TMP\Peephole\components\espressif__esp32-camera
      type: local
    version: 2.0.7
  idf:
    component_hash: null
    source:
      type: idf
    version: 5.2.1
  lvgl__lvgl:
    component_hash: null
    source:
      path: C:\du_tmp\TMP\Peephole\components\lvgl__lvgl
      type: local
    version: 8.3.11
manifest_hash: cf271b5aac4d5cf5abd30c57445796d0dfac743ca7bf9ccb6ca235bfd0d89e8d
target: esp32s3
version: 1.0.0
